# This file is automatically @generated by Poetry 1.7.1 and should not be changed by hand.

[[package]]
name = "pydantic"
version = "2.8.2"
description = ""
optional = false
python-versions = "*"
files = [
    {file = "pydantic-2.8.2-py3-none-any.whl", hash = "sha256:73ee9fddd406dc318b885c7a2eab8a6472b68b8fb5ba8150949fc3db939f23c8"},
    {file = "pydantic-2.8.2.tar.gz", hash = "sha256:6f62c13d067b0755ad1c21a34bdd06c0c12625a22b0fc09c6b149816604f7c2a"},
]

[package.source]
type = "legacy"
url = "https://pypi.tuna.tsinghua.edu.cn/simple"
reference = "mirrors"

[metadata]
lock-version = "2.0"
python-versions = "^3.8"
content-hash = "c48f187737569a120d731a549044e1aafd23d45b94a6ce3e9c7fe8ca32c0b4f0"
